
Microsoft Visual Studio Solution File, Format Version 12.00
# Visual Studio 2012
Project("{FAE04EC0-301F-11D3-BF4B-00C04F79EFBC}") = "MKInputBoxView", "MKInputBoxView\MKInputBoxView.csproj", "{5028DD2C-1762-4157-BFE0-8BF708CD77F0}"
EndProject
Project("{FAE04EC0-301F-11D3-BF4B-00C04F79EFBC}") = "DHDialogsSample", "DHDialogsSample\DHDialogsSample.csproj", "{AA83B60D-B3E7-4AE3-A3DA-E34819BBBEFE}"
EndProject
Global
	GlobalSection(SolutionConfigurationPlatforms) = preSolution
		Debug|iPhoneSimulator = Debug|iPhoneSimulator
		Release|iPhone = Release|iPhone
		Release|iPhoneSimulator = Release|iPhoneSimulator
		Debug|iPhone = Debug|iPhone
	EndGlobalSection
	GlobalSection(ProjectConfigurationPlatforms) = postSolution
		{5028DD2C-1762-4157-BFE0-8BF708CD77F0}.Debug|iPhone.ActiveCfg = Debug|iPhone
		{5028DD2C-1762-4157-BFE0-8BF708CD77F0}.Debug|iPhone.Build.0 = Debug|iPhone
		{5028DD2C-1762-4157-BFE0-8BF708CD77F0}.Debug|iPhoneSimulator.ActiveCfg = Debug|iPhoneSimulator
		{5028DD2C-1762-4157-BFE0-8BF708CD77F0}.Debug|iPhoneSimulator.Build.0 = Debug|iPhoneSimulator
		{5028DD2C-1762-4157-BFE0-8BF708CD77F0}.Release|iPhone.ActiveCfg = Release|iPhone
		{5028DD2C-1762-4157-BFE0-8BF708CD77F0}.Release|iPhone.Build.0 = Release|iPhone
		{5028DD2C-1762-4157-BFE0-8BF708CD77F0}.Release|iPhoneSimulator.ActiveCfg = Release|iPhoneSimulator
		{5028DD2C-1762-4157-BFE0-8BF708CD77F0}.Release|iPhoneSimulator.Build.0 = Release|iPhoneSimulator
		{AA83B60D-B3E7-4AE3-A3DA-E34819BBBEFE}.Debug|iPhone.ActiveCfg = Debug|iPhone
		{AA83B60D-B3E7-4AE3-A3DA-E34819BBBEFE}.Debug|iPhone.Build.0 = Debug|iPhone
		{AA83B60D-B3E7-4AE3-A3DA-E34819BBBEFE}.Debug|iPhoneSimulator.ActiveCfg = Debug|iPhoneSimulator
		{AA83B60D-B3E7-4AE3-A3DA-E34819BBBEFE}.Debug|iPhoneSimulator.Build.0 = Debug|iPhoneSimulator
		{AA83B60D-B3E7-4AE3-A3DA-E34819BBBEFE}.Release|iPhone.ActiveCfg = Release|iPhone
		{AA83B60D-B3E7-4AE3-A3DA-E34819BBBEFE}.Release|iPhone.Build.0 = Release|iPhone
		{AA83B60D-B3E7-4AE3-A3DA-E34819BBBEFE}.Release|iPhoneSimulator.ActiveCfg = Release|iPhoneSimulator
		{AA83B60D-B3E7-4AE3-A3DA-E34819BBBEFE}.Release|iPhoneSimulator.Build.0 = Release|iPhoneSimulator
		
	EndGlobalSection
EndGlobal
